
Microsoft Visual Studio Solution File, Format Version 12.00
# Visual Studio Version 16
VisualStudioVersion = 16.0.31624.102
MinimumVisualStudioVersion = 10.0.40219.1
Project("{8BC9CEB8-8B4A-11D0-8D11-00A0C91BC942}") = "Simplex", "Simplex\Simplex.vcxproj", "{34054D5F-DA41-4296-AD27-A4E2B1F31FB4}"
EndProject
Global
	GlobalSection(SolutionConfigurationPlatforms) = preSolution
		Debug|x64 = Debug|x64
		Debug|x86 = Debug|x86
		Release|x64 = Release|x64
		Release|x86 = Release|x86
	EndGlobalSection
	GlobalSection(ProjectConfigurationPlatforms) = postSolution
		{34054D5F-DA41-4296-AD27-A4E2B1F31FB4}.Debug|x64.ActiveCfg = Debug|x64
		{34054D5F-DA41-4296-AD27-A4E2B1F31FB4}.Debug|x64.Build.0 = Debug|x64
		{34054D5F-DA41-4296-AD27-A4E2B1F31FB4}.Debug|x86.ActiveCfg = Debug|Win32
		{34054D5F-DA41-4296-AD27-A4E2B1F31FB4}.Debug|x86.Build.0 = Debug|Win32
		{34054D5F-DA41-4296-AD27-A4E2B1F31FB4}.Release|x64.ActiveCfg = Release|x64
		{34054D5F-DA41-4296-AD27-A4E2B1F31FB4}.Release|x64.Build.0 = Release|x64
		{34054D5F-DA41-4296-AD27-A4E2B1F31FB4}.Release|x86.ActiveCfg = Release|Win32
		{34054D5F-DA41-4296-AD27-A4E2B1F31FB4}.Release|x86.Build.0 = Release|Win32
	EndGlobalSection
	GlobalSection(SolutionProperties) = preSolution
		HideSolutionNode = FALSE
	EndGlobalSection
	GlobalSection(ExtensibilityGlobals) = postSolution
		SolutionGuid = {C0583355-C434-4488-B599-5D6616F5DC2D}
	EndGlobalSection
EndGlobal
